schema: '2.0'
stages:
  preprocess_data:
    cmd: python src/preprocess_data.py --config=params.yaml
    deps:
    - path: data/raw/lgg-mri-segmentation
      md5: 1126d2845e5c6100a08e0aa41ee113eb.dir
      size: 1056310504
      nfiles: 7860
    - path: src/preprocess_data.py
      md5: 67d0f1646aa5c1ebb9a3710656b12f8d
      size: 2135
    outs:
    - path: data/preprocessed/eval.csv
      md5: 7abae07138b0f8d84189063cd8b29286
      size: 266655
    - path: data/preprocessed/train.csv
      md5: 87157aee105a2de70e30b77d25992cbd
      size: 859052
